
Microsoft Visual Studio Solution File, Format Version 12.00
# Visual Studio Version 17
VisualStudioVersion = 17.2.32616.157
MinimumVisualStudioVersion = 10.0.40219.1
Project("{FAE04EC0-301F-11D3-BF4B-00C04F79EFBC}") = "HelloWorldC", "HelloWorldC\HelloWorldC.csproj", "{AFB715F1-C9B1-4F96-9CAE-49E80AB95FAF}"
EndProject
Global
	GlobalSection(SolutionConfigurationPlatforms) = preSolution
		Debug|Any CPU = Debug|Any CPU
		Release|Any CPU = Release|Any CPU
	EndGlobalSection
	GlobalSection(ProjectConfigurationPlatforms) = postSolution
		{AFB715F1-C9B1-4F96-9CAE-49E80AB95FAF}.Debug|Any CPU.ActiveCfg = Debug|Any CPU
		{AFB715F1-C9B1-4F96-9CAE-49E80AB95FAF}.Debug|Any CPU.Build.0 = Debug|Any CPU
		{AFB715F1-C9B1-4F96-9CAE-49E80AB95FAF}.Release|Any CPU.ActiveCfg = Release|Any CPU
		{AFB715F1-C9B1-4F96-9CAE-49E80AB95FAF}.Release|Any CPU.Build.0 = Release|Any CPU
	EndGlobalSection
	GlobalSection(SolutionProperties) = preSolution
		HideSolutionNode = FALSE
	EndGlobalSection
	GlobalSection(ExtensibilityGlobals) = postSolution
		SolutionGuid = {1EF89A8C-E9A9-4019-84CB-84243A1D9F24}
	EndGlobalSection
EndGlobal
